
Microsoft Visual Studio Solution File, Format Version 12.00
# Visual Studio Version 16
VisualStudioVersion = 16.0.31729.503
MinimumVisualStudioVersion = 10.0.40219.1
Project("{00D1A9C2-B5F0-4AF3-8072-F6C62B433612}") = "TestSystem.DataBase", "TestSystem.DataBase\TestSystem.DataBase.sqlproj", "{31DF2C3C-2220-40F5-8A78-9A2FB1E9859D}"
EndProject
Project("{FAE04EC0-301F-11D3-BF4B-00C04F79EFBC}") = "TestSystem.Webapi", "TestSystem.Webapi\TestSystem.Webapi.csproj", "{8438C952-7498-4A49-AC51-B27FBE553115}"
EndProject
Global
	GlobalSection(SolutionConfigurationPlatforms) = preSolution
		Debug|Any CPU = Debug|Any CPU
		Release|Any CPU = Release|Any CPU
	EndGlobalSection
	GlobalSection(ProjectConfigurationPlatforms) = postSolution
		{31DF2C3C-2220-40F5-8A78-9A2FB1E9859D}.Debug|Any CPU.ActiveCfg = Debug|Any CPU
		{31DF2C3C-2220-40F5-8A78-9A2FB1E9859D}.Debug|Any CPU.Build.0 = Debug|Any CPU
		{31DF2C3C-2220-40F5-8A78-9A2FB1E9859D}.Debug|Any CPU.Deploy.0 = Debug|Any CPU
		{31DF2C3C-2220-40F5-8A78-9A2FB1E9859D}.Release|Any CPU.ActiveCfg = Release|Any CPU
		{31DF2C3C-2220-40F5-8A78-9A2FB1E9859D}.Release|Any CPU.Build.0 = Release|Any CPU
		{31DF2C3C-2220-40F5-8A78-9A2FB1E9859D}.Release|Any CPU.Deploy.0 = Release|Any CPU
		{8438C952-7498-4A49-AC51-B27FBE553115}.Debug|Any CPU.ActiveCfg = Debug|Any CPU
		{8438C952-7498-4A49-AC51-B27FBE553115}.Debug|Any CPU.Build.0 = Debug|Any CPU
		{8438C952-7498-4A49-AC51-B27FBE553115}.Release|Any CPU.ActiveCfg = Release|Any CPU
		{8438C952-7498-4A49-AC51-B27FBE553115}.Release|Any CPU.Build.0 = Release|Any CPU
	EndGlobalSection
	GlobalSection(SolutionProperties) = preSolution
		HideSolutionNode = FALSE
	EndGlobalSection
	GlobalSection(ExtensibilityGlobals) = postSolution
		SolutionGuid = {66523C9E-55D2-4696-8B77-0690234FAAEE}
	EndGlobalSection
EndGlobal
